{
  "projects": [
    {
      "projectId": "mTVXT6w3HHjZ4d74q3gB76",
      "version": "59.2.3",
      "dependencies": {},
      "lang": "js",
      "fileLocks": [
        {
          "type": "globalVariant",
          "assetId": "szbTUtTUfDW81Pi",
          "checksum": "6fb2ee85d2a75343e4de9a96adce4870"
        },
        {
          "type": "globalVariant",
          "assetId": "AfkkBCaq2g",
          "checksum": "a89d0adbb818e42eae0ad8632b2bd1cc"
        },
        {
          "assetId": "mTVXT6w3HHjZ4d74q3gB76",
          "type": "projectCss",
          "checksum": "77d2ea21f9915a060ab2b405a58ad85e"
        },
        {
          "type": "renderModule",
          "assetId": "eUnRsS9UXR",
          "checksum": "7dbae21f6dd5dc3023d2d6076faeccf7"
        },
        {
          "type": "cssRules",
          "assetId": "eUnRsS9UXR",
          "checksum": "7dbae21f6dd5dc3023d2d6076faeccf7"
        },
        {
          "type": "renderModule",
          "assetId": "A1UjtYt6k0",
          "checksum": "b4c3ac7f598619c70ec66d3c392c2541"
        },
        {
          "type": "cssRules",
          "assetId": "A1UjtYt6k0",
          "checksum": "b4c3ac7f598619c70ec66d3c392c2541"
        },
        {
          "type": "renderModule",
          "assetId": "KDElHbQmfd",
          "checksum": "ace812502df6c5aa58d605459381874e"
        },
        {
          "type": "cssRules",
          "assetId": "KDElHbQmfd",
          "checksum": "ace812502df6c5aa58d605459381874e"
        },
        {
          "type": "renderModule",
          "assetId": "FZWTu4L61t",
          "checksum": "954fa570386907bd6149a0cac8b0efb9"
        },
        {
          "type": "cssRules",
          "assetId": "FZWTu4L61t",
          "checksum": "954fa570386907bd6149a0cac8b0efb9"
        },
        {
          "type": "renderModule",
          "assetId": "MkyvVOg5Ik",
          "checksum": "5d07ad360f8d06effea440bd667fcf1b"
        },
        {
          "type": "cssRules",
          "assetId": "MkyvVOg5Ik",
          "checksum": "5d07ad360f8d06effea440bd667fcf1b"
        },
        {
          "type": "renderModule",
          "assetId": "LRwT0lHdps",
          "checksum": "cc365e07af3c154df5ef59de4e8208d7"
        },
        {
          "type": "cssRules",
          "assetId": "LRwT0lHdps",
          "checksum": "cc365e07af3c154df5ef59de4e8208d7"
        },
        {
          "type": "renderModule",
          "assetId": "Umq3CDOCIR",
          "checksum": "fe3d0d04c1dd06ad833d0a717c332a9f"
        },
        {
          "type": "cssRules",
          "assetId": "Umq3CDOCIR",
          "checksum": "fe3d0d04c1dd06ad833d0a717c332a9f"
        },
        {
          "type": "renderModule",
          "assetId": "JU1t0P9pFY",
          "checksum": "36d33057be8fd09e89d69dac2308f09c"
        },
        {
          "type": "cssRules",
          "assetId": "JU1t0P9pFY",
          "checksum": "36d33057be8fd09e89d69dac2308f09c"
        },
        {
          "type": "renderModule",
          "assetId": "v0nNSTRV39",
          "checksum": "82a9f13d1df52180daf9bc2e66f08d4d"
        },
        {
          "type": "cssRules",
          "assetId": "v0nNSTRV39",
          "checksum": "82a9f13d1df52180daf9bc2e66f08d4d"
        },
        {
          "type": "renderModule",
          "assetId": "Q2R-U25DUBO",
          "checksum": "acd7d328e9c24a800c217c0d107b34fe"
        },
        {
          "type": "cssRules",
          "assetId": "Q2R-U25DUBO",
          "checksum": "acd7d328e9c24a800c217c0d107b34fe"
        },
        {
          "type": "renderModule",
          "assetId": "0x0YjULkfHN",
          "checksum": "9f178ea14e039c7108fa5191438dbc30"
        },
        {
          "type": "cssRules",
          "assetId": "0x0YjULkfHN",
          "checksum": "9f178ea14e039c7108fa5191438dbc30"
        },
        {
          "type": "renderModule",
          "assetId": "q3VnCwfx25w",
          "checksum": "371b3d475c71ab2ba8d4cc0bfe31dcdd"
        },
        {
          "type": "cssRules",
          "assetId": "q3VnCwfx25w",
          "checksum": "371b3d475c71ab2ba8d4cc0bfe31dcdd"
        },
        {
          "type": "renderModule",
          "assetId": "PE9pgtdNju",
          "checksum": "6197b2e25860888241af9f2154877c24"
        },
        {
          "type": "cssRules",
          "assetId": "PE9pgtdNju",
          "checksum": "6197b2e25860888241af9f2154877c24"
        },
        {
          "type": "renderModule",
          "assetId": "Rd6ctyxKvRM",
          "checksum": "3a2879f9628d1fe6882c3457853386e2"
        },
        {
          "type": "cssRules",
          "assetId": "Rd6ctyxKvRM",
          "checksum": "3a2879f9628d1fe6882c3457853386e2"
        },
        {
          "type": "renderModule",
          "assetId": "PGPJmONwto",
          "checksum": "2cf30cc087f9859c2b752cf7c09f6f67"
        },
        {
          "type": "cssRules",
          "assetId": "PGPJmONwto",
          "checksum": "2cf30cc087f9859c2b752cf7c09f6f67"
        },
        {
          "type": "renderModule",
          "assetId": "UIpuE7M1YY",
          "checksum": "97737f48d8e45311c6bb4e06c43048b5"
        },
        {
          "type": "cssRules",
          "assetId": "UIpuE7M1YY",
          "checksum": "97737f48d8e45311c6bb4e06c43048b5"
        },
        {
          "type": "renderModule",
          "assetId": "ZhI9zuyxBT",
          "checksum": "260633d60b8c9b7dea60cdf98dceab70"
        },
        {
          "type": "cssRules",
          "assetId": "ZhI9zuyxBT",
          "checksum": "260633d60b8c9b7dea60cdf98dceab70"
        },
        {
          "type": "renderModule",
          "assetId": "Q9Z-qP9n2Q",
          "checksum": "8301c7bd5b1fbfcbb563a7a34aaaada5"
        },
        {
          "type": "cssRules",
          "assetId": "Q9Z-qP9n2Q",
          "checksum": "8301c7bd5b1fbfcbb563a7a34aaaada5"
        },
        {
          "type": "renderModule",
          "assetId": "l1Qe8RjaNW",
          "checksum": "b3c8edd7ba279cddbcfee325985b6310"
        },
        {
          "type": "cssRules",
          "assetId": "l1Qe8RjaNW",
          "checksum": "b3c8edd7ba279cddbcfee325985b6310"
        },
        {
          "type": "renderModule",
          "assetId": "X8H70YUTyF",
          "checksum": "293269a82226ce00a0f77a28b3403fc9"
        },
        {
          "type": "cssRules",
          "assetId": "X8H70YUTyF",
          "checksum": "293269a82226ce00a0f77a28b3403fc9"
        },
        {
          "type": "renderModule",
          "assetId": "uaoIqTcPRC-",
          "checksum": "a62748c28a9c4a0d1c24ee531b021b96"
        },
        {
          "type": "cssRules",
          "assetId": "uaoIqTcPRC-",
          "checksum": "a62748c28a9c4a0d1c24ee531b021b96"
        },
        {
          "type": "renderModule",
          "assetId": "h6nSih0ODv",
          "checksum": "2bab902d128199125f809841a2e0efd4"
        },
        {
          "type": "cssRules",
          "assetId": "h6nSih0ODv",
          "checksum": "2bab902d128199125f809841a2e0efd4"
        },
        {
          "type": "renderModule",
          "assetId": "0wz8hGqZgNQ",
          "checksum": "b8408fb23908760b8a8c53f626b1bb54"
        },
        {
          "type": "cssRules",
          "assetId": "0wz8hGqZgNQ",
          "checksum": "b8408fb23908760b8a8c53f626b1bb54"
        },
        {
          "type": "renderModule",
          "assetId": "q8aEgDsN8_",
          "checksum": "921caad864739236d92b6c60618e74b6"
        },
        {
          "type": "cssRules",
          "assetId": "q8aEgDsN8_",
          "checksum": "921caad864739236d92b6c60618e74b6"
        },
        {
          "type": "renderModule",
          "assetId": "JQWYItyW5A",
          "checksum": "823e5153fbd34e653673018889365a9e"
        },
        {
          "type": "cssRules",
          "assetId": "JQWYItyW5A",
          "checksum": "823e5153fbd34e653673018889365a9e"
        },
        {
          "type": "renderModule",
          "assetId": "0c6QSqHYCk",
          "checksum": "63cc7df71a5e81a38786432ac6ca214b"
        },
        {
          "type": "cssRules",
          "assetId": "0c6QSqHYCk",
          "checksum": "63cc7df71a5e81a38786432ac6ca214b"
        },
        {
          "type": "renderModule",
          "assetId": "Fs8bTUrvZrvfhCr",
          "checksum": "1ba66ff687a944a7fa644aa0eb5b438d"
        },
        {
          "type": "cssRules",
          "assetId": "Fs8bTUrvZrvfhCr",
          "checksum": "1ba66ff687a944a7fa644aa0eb5b438d"
        },
        {
          "type": "renderModule",
          "assetId": "xICnD3GwL-L",
          "checksum": "82019cef5759e004f5153670e37127bf"
        },
        {
          "type": "cssRules",
          "assetId": "xICnD3GwL-L",
          "checksum": "82019cef5759e004f5153670e37127bf"
        },
        {
          "type": "renderModule",
          "assetId": "3NTlJO7oDpw",
          "checksum": "817d3b0db9034d1d50882e4577a741ed"
        },
        {
          "type": "cssRules",
          "assetId": "3NTlJO7oDpw",
          "checksum": "817d3b0db9034d1d50882e4577a741ed"
        },
        {
          "type": "renderModule",
          "assetId": "2FtsgZCi1Kx",
          "checksum": "2b26c3e0198b92decb57ca3e5e8f7140"
        },
        {
          "type": "cssRules",
          "assetId": "2FtsgZCi1Kx",
          "checksum": "2b26c3e0198b92decb57ca3e5e8f7140"
        },
        {
          "type": "renderModule",
          "assetId": "1E73LSzV2l",
          "checksum": "4e46c10b0f6a08106b37ec79ca791d3c"
        },
        {
          "type": "cssRules",
          "assetId": "1E73LSzV2l",
          "checksum": "4e46c10b0f6a08106b37ec79ca791d3c"
        },
        {
          "type": "renderModule",
          "assetId": "pMqUN0f4G_a",
          "checksum": "bfdcd12db55c2c554050ed33d8edb51f"
        },
        {
          "type": "cssRules",
          "assetId": "pMqUN0f4G_a",
          "checksum": "bfdcd12db55c2c554050ed33d8edb51f"
        },
        {
          "type": "renderModule",
          "assetId": "D8Y_2wee1o",
          "checksum": "3a287458350100516f2983832690b720"
        },
        {
          "type": "cssRules",
          "assetId": "D8Y_2wee1o",
          "checksum": "3a287458350100516f2983832690b720"
        },
        {
          "type": "renderModule",
          "assetId": "bGjqf-R4Tc",
          "checksum": "e402dec49f9971741228139af225d8d1"
        },
        {
          "type": "cssRules",
          "assetId": "bGjqf-R4Tc",
          "checksum": "e402dec49f9971741228139af225d8d1"
        },
        {
          "type": "renderModule",
          "assetId": "_XzWccJtXuE",
          "checksum": "a144f29a120d76369c9180a8329a1a9d"
        },
        {
          "type": "cssRules",
          "assetId": "_XzWccJtXuE",
          "checksum": "a144f29a120d76369c9180a8329a1a9d"
        },
        {
          "type": "renderModule",
          "assetId": "jggPyChG2Zg",
          "checksum": "b83b860c45f697988a05cb4ce4ced107"
        },
        {
          "type": "cssRules",
          "assetId": "jggPyChG2Zg",
          "checksum": "b83b860c45f697988a05cb4ce4ced107"
        },
        {
          "type": "icon",
          "assetId": "X0yAm0kztuYc_IO",
          "checksum": "a5b99ef47665bdcf8518e8a2956cfa8b"
        },
        {
          "type": "icon",
          "assetId": "Sqzw_OTkst-6kZi",
          "checksum": "496440c9aad56d3039648d7ba469029f"
        },
        {
          "type": "icon",
          "assetId": "M_91_FWOwwP63LN",
          "checksum": "0fbe0048e45e2a4107bde69e2a15990b"
        },
        {
          "type": "icon",
          "assetId": "rflU0CK2WnITTSR",
          "checksum": "4f11ac9f20ced8c9dd9181902c200f71"
        },
        {
          "type": "icon",
          "assetId": "oiAgf-ezpQ",
          "checksum": "787398ff5d81b1b0579d65e243630a5f"
        },
        {
          "type": "icon",
          "assetId": "Y3JBiNHxmK",
          "checksum": "b4c5f198dafe2b0b2c1b59b392cd3cae"
        },
        {
          "type": "icon",
          "assetId": "zCNIMAkbig",
          "checksum": "828c6b7d1f80e9f468008929d26df1b1"
        },
        {
          "type": "icon",
          "assetId": "gg_6iBfcsu",
          "checksum": "3e94ddd9bab41fe7d8001beeb17f587f"
        },
        {
          "type": "icon",
          "assetId": "MwyR6vQxWa",
          "checksum": "645b08ea065c0c7e3da08f02f6fcc2da"
        },
        {
          "type": "icon",
          "assetId": "U8bxGhPFOV",
          "checksum": "723036114e133cdfc764767ee051cdf0"
        },
        {
          "type": "icon",
          "assetId": "gDL0fFl2pD",
          "checksum": "bfb3094b616c7f7f2135374dbc8db67b"
        },
        {
          "type": "icon",
          "assetId": "AVLV6uMr56",
          "checksum": "aa3ccbc72a23e659a96580a366048bed"
        },
        {
          "type": "icon",
          "assetId": "Z_5uLzTckE",
          "checksum": "3ec83291579b3f703bd7474cf698cea4"
        },
        {
          "type": "icon",
          "assetId": "B5QLKmr2tW",
          "checksum": "707008d25a5be4fe83babf828ff2f461"
        },
        {
          "type": "icon",
          "assetId": "Dz069s-rE",
          "checksum": "f93d9fbf6f3629e5541ed0fe5ed69bff"
        },
        {
          "type": "icon",
          "assetId": "FUAnm6q86",
          "checksum": "aea9808ed43173e92352bb8d31d865bc"
        },
        {
          "type": "icon",
          "assetId": "sumyU8-X3n",
          "checksum": "8a94b351f0010953ff466ae676bf31a4"
        },
        {
          "type": "icon",
          "assetId": "gkIqWTG_m",
          "checksum": "df28319bd6fc195510f169795cbe54d3"
        },
        {
          "type": "icon",
          "assetId": "Vx3fG4Fxc",
          "checksum": "86ea1b3790940e581dc9fa59f6296d11"
        },
        {
          "type": "icon",
          "assetId": "0QuxgUi0r",
          "checksum": "4a6230c49e350de689428c7cca29c691"
        },
        {
          "type": "icon",
          "assetId": "20h2nOVM8",
          "checksum": "98b2b9b3de95ed32eddb580471c60c08"
        },
        {
          "type": "icon",
          "assetId": "BDHiWdSyk",
          "checksum": "d39da26861853426321fccb381631a70"
        },
        {
          "type": "icon",
          "assetId": "_DgE8tx8k",
          "checksum": "9d5e350fb6918ca06799c66b0dc7fa41"
        },
        {
          "type": "icon",
          "assetId": "UPgEusYgX",
          "checksum": "0cd3597fb09fc489c20fee81a9b0e3d6"
        },
        {
          "type": "icon",
          "assetId": "jjuT3ffMh",
          "checksum": "345b18feb41765c0f91abed7ddcc5526"
        },
        {
          "type": "icon",
          "assetId": "HAg-_Kbya",
          "checksum": "e01f18de24d91603e802e74d801c1b32"
        },
        {
          "type": "icon",
          "assetId": "v822ZhrBq",
          "checksum": "7420ced69c79d145d2e5e16fcf1dac41"
        },
        {
          "type": "icon",
          "assetId": "v016HsKmfL",
          "checksum": "3fda721f5cf015d6a1ae08e0d29a60df"
        },
        {
          "type": "icon",
          "assetId": "9xu35mhQf",
          "checksum": "cb59b53e7633de39be252330178813eb"
        },
        {
          "type": "icon",
          "assetId": "SLtbVdLFU",
          "checksum": "cf030b921417d8cb2798f018f15bc7e8"
        },
        {
          "type": "icon",
          "assetId": "kQoy0KbdjL",
          "checksum": "c994aaf866bbfe6e6a06bc71646ef944"
        },
        {
          "type": "icon",
          "assetId": "Iea8iz1ew",
          "checksum": "b16604dd2e2711dbfdeb7df2b349a78b"
        },
        {
          "type": "icon",
          "assetId": "o58_ERQlgq",
          "checksum": "768679035517deea0e60cf5d1213df59"
        },
        {
          "type": "icon",
          "assetId": "goVw5oohlB",
          "checksum": "78bdf800ee40cdfc70a71b8c0829d931"
        },
        {
          "type": "icon",
          "assetId": "1tBTTGMGvG",
          "checksum": "5264e2679db815861c2c44eaff8d2ba4"
        },
        {
          "type": "icon",
          "assetId": "7EdfFx1qO",
          "checksum": "3ddda26d10251952a9533edc4d38a62f"
        },
        {
          "type": "icon",
          "assetId": "mIjXTEoTT",
          "checksum": "7a38ad0382ecebbb0600dcf23ff12d8d"
        },
        {
          "type": "icon",
          "assetId": "kGOcXPlB7",
          "checksum": "73b39e544b0e8488f5483756fcfc814e"
        },
        {
          "type": "icon",
          "assetId": "5IDGmkMiF",
          "checksum": "ec34c0503899b9ab559a765073006b60"
        },
        {
          "type": "icon",
          "assetId": "oacsOjkCd",
          "checksum": "7e98e4cd115816d1c7a91d84c68b843a"
        },
        {
          "type": "icon",
          "assetId": "ivt63Bul_",
          "checksum": "2d60e7237549574d87d1772621c4f1b6"
        },
        {
          "type": "image",
          "assetId": "g-rql0pCyuzVOIR",
          "checksum": "8fe359419ca5dfbae0c041c133e6e853"
        },
        {
          "type": "image",
          "assetId": "9kv6uNERxC5Tnft",
          "checksum": "926575a5be106391168324df4df925a2"
        },
        {
          "type": "image",
          "assetId": "zo-_ZEkWm",
          "checksum": "f540e545a818705bb0c10ded205f5555"
        },
        {
          "type": "image",
          "assetId": "peTQl8yxq",
          "checksum": "ad4e81c41c680c6efe4d4c10a7ad8077"
        },
        {
          "type": "image",
          "assetId": "O43ycn2NW",
          "checksum": "ac5e62724b433d7fe8014c7ba565aaa9"
        },
        {
          "type": "image",
          "assetId": "fd83YzSqp",
          "checksum": "2d924f7422ba96f1950b629db37b7b0c"
        },
        {
          "type": "image",
          "assetId": "JPhKEtrftg",
          "checksum": "f8045e33e2916969c37e740cc81982c8"
        }
      ],
      "codegenVersion": "0.0.1"
    },
    {
      "projectId": "4XDKe2Y2CSQJqugRctvMof",
      "version": "latest",
      "dependencies": {
        "mTVXT6w3HHjZ4d74q3gB76": "59.2.3"
      },
      "lang": "js",
      "fileLocks": [
        {
          "type": "globalVariant",
          "assetId": "9VUlwSUq0Keoq",
          "checksum": "6c6e7ab9d9eb881135bea855a10f9c4c"
        },
        {
          "type": "renderModule",
          "assetId": "rPnlRZdYkTwYu",
          "checksum": "7d8e783528c9b8a2b53bde3022ddfed9"
        },
        {
          "type": "cssRules",
          "assetId": "rPnlRZdYkTwYu",
          "checksum": "7d8e783528c9b8a2b53bde3022ddfed9"
        },
        {
          "type": "renderModule",
          "assetId": "ImsZZpVcfoJKx",
          "checksum": "720c00379df855f4874f005f0424dacd"
        },
        {
          "type": "cssRules",
          "assetId": "ImsZZpVcfoJKx",
          "checksum": "720c00379df855f4874f005f0424dacd"
        },
        {
          "type": "renderModule",
          "assetId": "Ct1RIUgXag4lA",
          "checksum": "d3c501898b0227290a6b3483bb596669"
        },
        {
          "type": "cssRules",
          "assetId": "Ct1RIUgXag4lA",
          "checksum": "d3c501898b0227290a6b3483bb596669"
        },
        {
          "type": "icon",
          "assetId": "PCWyGYqf-9WI8u",
          "checksum": "777e46e6aa1f1d0906d2c18472cb0f6a"
        },
        {
          "type": "icon",
          "assetId": "2t2oJ8UuJjzLT5",
          "checksum": "c0d046e105022c64e19cd445807a8c7c"
        },
        {
          "type": "icon",
          "assetId": "CSD7HAh7bZ",
          "checksum": "c53ae78a90facdfbe9f9d117dc757bf8"
        },
        {
          "type": "image",
          "assetId": "WWM1bxBSQoGTr",
          "checksum": "585135b6e319a59366fa8e131cac482e"
        },
        {
          "type": "image",
          "assetId": "K_fp_dPMKPDMx",
          "checksum": "a5437f64f6e60160f17457fc66a2ea71"
        },
        {
          "type": "image",
          "assetId": "czI4wtuWC3pl8",
          "checksum": "9056170f6c453d073ff4f2c90cc63ed0"
        },
        {
          "type": "image",
          "assetId": "aIifgcZ6-hc8v",
          "checksum": "f7c8d46ad584f72b5d5e91fc475819c3"
        },
        {
          "type": "image",
          "assetId": "wWvDw4PZ0hBcQ",
          "checksum": "9b9ef3904b9f1566fa36dfe0beb94b84"
        },
        {
          "type": "image",
          "assetId": "l1wmZ4WYbbckjq",
          "checksum": "bff47d50a1c446bf8d89fe81237b2dbf"
        },
        {
          "type": "image",
          "assetId": "734b-fkZKXd-sv",
          "checksum": "dcc1d9cd36f5db41881f31ca0f44e0e2"
        },
        {
          "type": "image",
          "assetId": "YX5pf-U9pGAno_",
          "checksum": "e307d8ea2c397c2370a053a8a919e15b"
        },
        {
          "type": "image",
          "assetId": "R-WA2ujjiOc0cO",
          "checksum": "d7f83f0c49d1bb8adcc16e725339591b"
        },
        {
          "type": "image",
          "assetId": "fYsTf9jmec8qz_",
          "checksum": "f0e46dd8cfb1575c1b8168ed35d8e89f"
        },
        {
          "type": "image",
          "assetId": "PpF7SW27D3n-5l",
          "checksum": "6f620acec7dce49b982890a84f43fb93"
        },
        {
          "type": "image",
          "assetId": "77RxTEPmt0ok4N",
          "checksum": "b13922182e5ae6ac4dc492b9bf56d204"
        },
        {
          "type": "image",
          "assetId": "gQXjY35NaVOCzZ",
          "checksum": "50d1290ba78b0ca3d68c45d432a30a42"
        },
        {
          "type": "image",
          "assetId": "O68ycKYqmxAr7-",
          "checksum": "f02445a77c46f863f8882d5972dd8871"
        },
        {
          "type": "image",
          "assetId": "wIKAcBot_9hZyk",
          "checksum": "12401a4f03795bfcb6b7be927f7a3e16"
        },
        {
          "type": "image",
          "assetId": "Sbh55qlCr5-ThR",
          "checksum": "8c99603288dd330b4abc82063c8daf84"
        },
        {
          "type": "image",
          "assetId": "449pkoFy0xOx_C",
          "checksum": "418db9c191c3a2268407709173ae330c"
        },
        {
          "type": "image",
          "assetId": "vGcFmV69BJryO7",
          "checksum": "6f72e22f286f1628b7ac42705a3e788b"
        },
        {
          "type": "image",
          "assetId": "5pAQRK53aKyLdd",
          "checksum": "cd06b93b2d9c77179f8f244a891905a7"
        },
        {
          "type": "image",
          "assetId": "bUjM-rVHcxV1Pw",
          "checksum": "fb619c9c1098dbbb52e03ac3cefb646b"
        },
        {
          "type": "image",
          "assetId": "0yIX1a0UqBUrPo",
          "checksum": "34ddb68c8dab1afc0de0e09b6904ce47"
        },
        {
          "type": "image",
          "assetId": "JQvs68vuSlR11v",
          "checksum": "5750121cf190c2bd1edda27116aa4e03"
        },
        {
          "type": "image",
          "assetId": "1L9enSMTaRAD-N",
          "checksum": "adfebe2a5acf868980d0de3ef3133aba"
        },
        {
          "type": "image",
          "assetId": "jUgaP210bbzMO5",
          "checksum": "444c4dc65cde3b39b0dac08f047b1cd0"
        },
        {
          "type": "image",
          "assetId": "HkHHE5pUel_UJL",
          "checksum": "c0976409148bf5f602c4a30682c8df70"
        },
        {
          "type": "image",
          "assetId": "UaSEGmNuDjHucH",
          "checksum": "95ee7d7e059d373981646d0792ef7a6c"
        },
        {
          "type": "image",
          "assetId": "mxptvgFOXL2mBR",
          "checksum": "73639a2db6cb8be8311a55ad54b181a9"
        },
        {
          "type": "image",
          "assetId": "Tb2UysmxUj2nh5",
          "checksum": "2b85cf51a5c27e86743057cee8bfb05c"
        },
        {
          "type": "image",
          "assetId": "_Ayccb0nZ-whCW",
          "checksum": "4008fc54a9caaefd9eb5004cd677d99e"
        },
        {
          "type": "image",
          "assetId": "Lq7myFDthSfQYC",
          "checksum": "7c6d7c871946d8758643419d202bd638"
        },
        {
          "type": "image",
          "assetId": "FRXKGR4VGonsdO",
          "checksum": "6d6478f3c60cbea1316bd0d1f7aeb354"
        },
        {
          "type": "image",
          "assetId": "sDNFIQ1LT57ap8",
          "checksum": "0b9dc587a3586723eb8e443112fbc437"
        },
        {
          "type": "image",
          "assetId": "7y2ooKK0jFyCEy",
          "checksum": "62f5fe0367a6480571578367a2685b47"
        },
        {
          "type": "image",
          "assetId": "AWEG1RUXo3ildC",
          "checksum": "3cee171dcc2d5566d9b1717b2ec0ca92"
        },
        {
          "type": "image",
          "assetId": "neS-SgQRIwVrc9",
          "checksum": "9881e2e5942f14c462ee4264b80710ae"
        },
        {
          "type": "image",
          "assetId": "fot0TzneP_ElUe",
          "checksum": "b15b5f1e0e4d59b7b5d81bb4c1c381f0"
        },
        {
          "type": "image",
          "assetId": "XGF_fj4Ha1pPjZ",
          "checksum": "6f5ac31543d44a79acf7137f172c7cd7"
        },
        {
          "type": "image",
          "assetId": "nKcS7g5mrpwMld",
          "checksum": "7b539e796b8d4a5ec2c7abc3146be69c"
        },
        {
          "type": "image",
          "assetId": "pm1G_pQslAdKYb",
          "checksum": "df46d3e889d2684899262cf040d40e8c"
        },
        {
          "type": "image",
          "assetId": "qjFr2YfSbbPDB7",
          "checksum": "a37bc6524ca66e3d829c5dd39c6f26eb"
        },
        {
          "type": "image",
          "assetId": "VNg8ypvlgzuQhl",
          "checksum": "c018375c7087c020d7e87b5262239911"
        },
        {
          "type": "image",
          "assetId": "1ly7npdy8nTauK",
          "checksum": "4e55e7709d4d733424b4dea6ffc2e545"
        },
        {
          "type": "image",
          "assetId": "qyFLZ4n6YXlGmK",
          "checksum": "36b1d94d5b4cc8b0f01c7b1ee9f7731f"
        },
        {
          "type": "image",
          "assetId": "13CJybG_lZfIDB",
          "checksum": "4e624bdacf7fc81c324f317dd3d43373"
        },
        {
          "type": "image",
          "assetId": "JhTN383AcET-TL",
          "checksum": "28daa7da125b2f52c2a753ba991b7b1c"
        },
        {
          "type": "image",
          "assetId": "LS4w4q0MOyBqVg",
          "checksum": "e93ad400d22980692dbf9f7d1fa919d6"
        },
        {
          "type": "image",
          "assetId": "SsJl6LUhwQwgss",
          "checksum": "61253670418de0591cabe19ec23b7359"
        },
        {
          "type": "image",
          "assetId": "sjpkP6S5Xb6_8W",
          "checksum": "28c4327a730021ee90daa4ef982a5854"
        },
        {
          "type": "image",
          "assetId": "zNm6VWt7vHBU9E",
          "checksum": "e44cb33e5a5182eafd682175ebf7ce43"
        },
        {
          "type": "image",
          "assetId": "beUfmSdxagKDG8",
          "checksum": "c78e93397d855a24e4c36478cc0c0983"
        },
        {
          "type": "image",
          "assetId": "amHYJGjLfrMJYL",
          "checksum": "80278a76809095d7cecf3a979c1b5283"
        },
        {
          "type": "image",
          "assetId": "SgVy7pIupUyWli",
          "checksum": "197a4fcfd0c33f546582c1475527892d"
        },
        {
          "type": "image",
          "assetId": "aP1kkQqRWxR44V",
          "checksum": "907d97ea7238195421a5183e20e87e22"
        },
        {
          "type": "image",
          "assetId": "JvIiB5lylPebNv",
          "checksum": "f97690e6c2070fa84540bbad0f417ada"
        },
        {
          "type": "image",
          "assetId": "koMOF-L3niR1t9",
          "checksum": "5061277f9c420b2686ec032f0b9fba89"
        },
        {
          "type": "image",
          "assetId": "xklVvRuYG6g_3D",
          "checksum": "80441d8718c85059668c67a97f9353bd"
        },
        {
          "type": "image",
          "assetId": "CWOBubXdDeNUWu",
          "checksum": "ebb83d1b288e36f8bb476cfa4913cf25"
        },
        {
          "type": "image",
          "assetId": "mv-mCXm0PsK6U-",
          "checksum": "cc4f55927e0b7e62ea63c4f726e821fd"
        },
        {
          "type": "image",
          "assetId": "eVOb7jryxryGaZ",
          "checksum": "da80fcaa3310c2df49112308ffc783bb"
        },
        {
          "type": "image",
          "assetId": "GdRd9X_t9WuI3O",
          "checksum": "36c74123a3abf6da1a5cbf93cefa014a"
        },
        {
          "type": "image",
          "assetId": "7NhTZXA9zEqKOh",
          "checksum": "60ccf42a1f878ca6c13dc93a2e243192"
        },
        {
          "type": "image",
          "assetId": "kUiP6ofOndc6Gw",
          "checksum": "afe694c53b5022a22e068470ae5b542a"
        },
        {
          "type": "image",
          "assetId": "awfgPWmtrure1J",
          "checksum": "b3871d2af9414ab61a80e59c847104df"
        },
        {
          "type": "image",
          "assetId": "foKzHgO1oHap1x",
          "checksum": "9a045cf5dea0fec7c9f4dff9aeb26e6c"
        },
        {
          "type": "image",
          "assetId": "2T7WzpFPl3SuJS",
          "checksum": "eaf701d9d5dd78cc93bc0a12f231c788"
        },
        {
          "type": "image",
          "assetId": "l_bbyfyxNOAC_y",
          "checksum": "be7e6eb81a84a60c6bdd75537978b3f8"
        },
        {
          "type": "image",
          "assetId": "ZIsHhro6KaaRzR",
          "checksum": "3589c20712ea93a13ef3897bc1551ec7"
        },
        {
          "type": "image",
          "assetId": "M9Fr4yHSMlSY_5",
          "checksum": "7d1856980e07db0c40229d7a7c0c2f9f"
        },
        {
          "type": "image",
          "assetId": "w_B_YNx6T",
          "checksum": "be0da6acaca4596f361c903d9c10c67a"
        },
        {
          "type": "image",
          "assetId": "WMxLt6UeUD",
          "checksum": "ab6721c4e96a4b38b012b32534d8bca3"
        },
        {
          "type": "image",
          "assetId": "zsIBCA4-i",
          "checksum": "2f48e4c45824ba029bd8d7e07f54ffaa"
        },
        {
          "type": "image",
          "assetId": "mBplK7Ndx",
          "checksum": "20fc20bc2c102aa16e032060158f5239"
        },
        {
          "type": "image",
          "assetId": "yVUfOXbRf",
          "checksum": "f68398cd82189b14f0a3626c47830663"
        },
        {
          "type": "image",
          "assetId": "O_D8Y50Be",
          "checksum": "052961f25dc0311ba7c15c01fff5ae5a"
        },
        {
          "type": "image",
          "assetId": "t0GnZ_Xhx",
          "checksum": "77f172169c3c742e895aebfb980c497f"
        },
        {
          "type": "image",
          "assetId": "9SvYKB9_V",
          "checksum": "b5beb3c3b56044f93436e3113854e60c"
        },
        {
          "type": "image",
          "assetId": "hIikQ9s3e",
          "checksum": "0a314f15fbf593943a70a4f241db0316"
        },
        {
          "type": "image",
          "assetId": "T_Yu339AAG",
          "checksum": "7f290b8ba2ef1e10f37a5f8283389267"
        },
        {
          "type": "image",
          "assetId": "BQF-AYkTl",
          "checksum": "b41f823c86cdb1adeafb3cbcb342fcdf"
        },
        {
          "type": "image",
          "assetId": "k603YW2qp",
          "checksum": "bdea24834d9bba4dbab1b1c906660c6d"
        },
        {
          "type": "image",
          "assetId": "cEz482yf2",
          "checksum": "5f827ffae5de0573adeb169937f92ad6"
        },
        {
          "type": "image",
          "assetId": "188e4cLMV",
          "checksum": "b6874bd3257ec241a01748fa2d1f5cda"
        },
        {
          "assetId": "4XDKe2Y2CSQJqugRctvMof",
          "type": "projectCss",
          "checksum": "75c63dff6fd87cbb839c7c90a84b2b53"
        }
      ],
      "codegenVersion": "0.0.1"
    }
  ],
  "cliVersion": "0.1.178"
}
