{
  "projects": [
    {
      "projectId": "mTVXT6w3HHjZ4d74q3gB76",
      "version": "59.2.3",
      "dependencies": {},
      "lang": "js",
      "fileLocks": [
        {
          "type": "globalVariant",
          "assetId": "szbTUtTUfDW81Pi",
          "checksum": "6fb2ee85d2a75343e4de9a96adce4870"
        },
        {
          "type": "globalVariant",
          "assetId": "AfkkBCaq2g",
          "checksum": "a89d0adbb818e42eae0ad8632b2bd1cc"
        },
        {
          "assetId": "mTVXT6w3HHjZ4d74q3gB76",
          "type": "projectCss",
          "checksum": "702dbfe4420e58854bd3193e75318aa5"
        },
        {
          "type": "renderModule",
          "assetId": "eUnRsS9UXR",
          "checksum": "d84e7751c5416933e2ff5b2d5e369da5"
        },
        {
          "type": "cssRules",
          "assetId": "eUnRsS9UXR",
          "checksum": "d84e7751c5416933e2ff5b2d5e369da5"
        },
        {
          "type": "renderModule",
          "assetId": "A1UjtYt6k0",
          "checksum": "5ae25f343bf854cb44754fe24bc5e1ae"
        },
        {
          "type": "cssRules",
          "assetId": "A1UjtYt6k0",
          "checksum": "5ae25f343bf854cb44754fe24bc5e1ae"
        },
        {
          "type": "renderModule",
          "assetId": "KDElHbQmfd",
          "checksum": "cb7f46322476665b47d23f6e76d1db54"
        },
        {
          "type": "cssRules",
          "assetId": "KDElHbQmfd",
          "checksum": "cb7f46322476665b47d23f6e76d1db54"
        },
        {
          "type": "renderModule",
          "assetId": "FZWTu4L61t",
          "checksum": "8c26a631bf79211b72b87ca6d078afdd"
        },
        {
          "type": "cssRules",
          "assetId": "FZWTu4L61t",
          "checksum": "8c26a631bf79211b72b87ca6d078afdd"
        },
        {
          "type": "renderModule",
          "assetId": "MkyvVOg5Ik",
          "checksum": "583c9f21054c29c00ae652af442d2510"
        },
        {
          "type": "cssRules",
          "assetId": "MkyvVOg5Ik",
          "checksum": "583c9f21054c29c00ae652af442d2510"
        },
        {
          "type": "renderModule",
          "assetId": "LRwT0lHdps",
          "checksum": "1a150cd710fa807f6e00262038f6d374"
        },
        {
          "type": "cssRules",
          "assetId": "LRwT0lHdps",
          "checksum": "1a150cd710fa807f6e00262038f6d374"
        },
        {
          "type": "renderModule",
          "assetId": "Umq3CDOCIR",
          "checksum": "6291930288408653cdf1070208c2a3ea"
        },
        {
          "type": "cssRules",
          "assetId": "Umq3CDOCIR",
          "checksum": "6291930288408653cdf1070208c2a3ea"
        },
        {
          "type": "renderModule",
          "assetId": "JU1t0P9pFY",
          "checksum": "58f441b7c84c4829d34f1e7c7509aa1b"
        },
        {
          "type": "cssRules",
          "assetId": "JU1t0P9pFY",
          "checksum": "58f441b7c84c4829d34f1e7c7509aa1b"
        },
        {
          "type": "renderModule",
          "assetId": "v0nNSTRV39",
          "checksum": "3b39fa3172f5ba64f93d99f0fc81c86a"
        },
        {
          "type": "cssRules",
          "assetId": "v0nNSTRV39",
          "checksum": "3b39fa3172f5ba64f93d99f0fc81c86a"
        },
        {
          "type": "renderModule",
          "assetId": "Q2R-U25DUBO",
          "checksum": "08ff3119589f9d1da3d542704eb2b33f"
        },
        {
          "type": "cssRules",
          "assetId": "Q2R-U25DUBO",
          "checksum": "08ff3119589f9d1da3d542704eb2b33f"
        },
        {
          "type": "renderModule",
          "assetId": "0x0YjULkfHN",
          "checksum": "224609553f3397a55bb6bb50734f0c92"
        },
        {
          "type": "cssRules",
          "assetId": "0x0YjULkfHN",
          "checksum": "224609553f3397a55bb6bb50734f0c92"
        },
        {
          "type": "renderModule",
          "assetId": "q3VnCwfx25w",
          "checksum": "ca0c1ebf9f83e993649466e10d9a46ce"
        },
        {
          "type": "cssRules",
          "assetId": "q3VnCwfx25w",
          "checksum": "ca0c1ebf9f83e993649466e10d9a46ce"
        },
        {
          "type": "renderModule",
          "assetId": "PE9pgtdNju",
          "checksum": "1fe29ed92f0e1c855a56df73dc111c79"
        },
        {
          "type": "cssRules",
          "assetId": "PE9pgtdNju",
          "checksum": "1fe29ed92f0e1c855a56df73dc111c79"
        },
        {
          "type": "renderModule",
          "assetId": "Rd6ctyxKvRM",
          "checksum": "006cd21f54945c5269e4161f9d623190"
        },
        {
          "type": "cssRules",
          "assetId": "Rd6ctyxKvRM",
          "checksum": "006cd21f54945c5269e4161f9d623190"
        },
        {
          "type": "renderModule",
          "assetId": "PGPJmONwto",
          "checksum": "c2e7bf3c1206d0f960bf519e4faa6a28"
        },
        {
          "type": "cssRules",
          "assetId": "PGPJmONwto",
          "checksum": "c2e7bf3c1206d0f960bf519e4faa6a28"
        },
        {
          "type": "renderModule",
          "assetId": "UIpuE7M1YY",
          "checksum": "64a4a8dec340613a1b0887920c13d583"
        },
        {
          "type": "cssRules",
          "assetId": "UIpuE7M1YY",
          "checksum": "64a4a8dec340613a1b0887920c13d583"
        },
        {
          "type": "renderModule",
          "assetId": "ZhI9zuyxBT",
          "checksum": "a0ab31d2462c552e0f3ff836e53b5339"
        },
        {
          "type": "cssRules",
          "assetId": "ZhI9zuyxBT",
          "checksum": "a0ab31d2462c552e0f3ff836e53b5339"
        },
        {
          "type": "renderModule",
          "assetId": "Q9Z-qP9n2Q",
          "checksum": "543d6867bb4683285c45b012d04d5e02"
        },
        {
          "type": "cssRules",
          "assetId": "Q9Z-qP9n2Q",
          "checksum": "543d6867bb4683285c45b012d04d5e02"
        },
        {
          "type": "renderModule",
          "assetId": "l1Qe8RjaNW",
          "checksum": "c4edda94b09096e05e6f28be19563a12"
        },
        {
          "type": "cssRules",
          "assetId": "l1Qe8RjaNW",
          "checksum": "c4edda94b09096e05e6f28be19563a12"
        },
        {
          "type": "renderModule",
          "assetId": "X8H70YUTyF",
          "checksum": "bd6a7816dc33b30c1e91400ceb7241c7"
        },
        {
          "type": "cssRules",
          "assetId": "X8H70YUTyF",
          "checksum": "bd6a7816dc33b30c1e91400ceb7241c7"
        },
        {
          "type": "renderModule",
          "assetId": "VOXcGTkmP9",
          "checksum": "4c04c964a737ca8c1a54b03c4ecdf55d"
        },
        {
          "type": "cssRules",
          "assetId": "VOXcGTkmP9",
          "checksum": "4c04c964a737ca8c1a54b03c4ecdf55d"
        },
        {
          "type": "renderModule",
          "assetId": "XqXAODV8pg",
          "checksum": "bb5b51b3d147eb616d4a4b27611b86ec"
        },
        {
          "type": "cssRules",
          "assetId": "XqXAODV8pg",
          "checksum": "bb5b51b3d147eb616d4a4b27611b86ec"
        },
        {
          "type": "renderModule",
          "assetId": "cRgEcIgCT1",
          "checksum": "249c4f54ab9c65260bdf170528c91803"
        },
        {
          "type": "cssRules",
          "assetId": "cRgEcIgCT1",
          "checksum": "249c4f54ab9c65260bdf170528c91803"
        },
        {
          "type": "renderModule",
          "assetId": "uaoIqTcPRC-",
          "checksum": "7dc8e8d55818ac1e0d31c8f4cfbc1fe5"
        },
        {
          "type": "cssRules",
          "assetId": "uaoIqTcPRC-",
          "checksum": "7dc8e8d55818ac1e0d31c8f4cfbc1fe5"
        },
        {
          "type": "renderModule",
          "assetId": "h6nSih0ODv",
          "checksum": "2304ac376e81bbc5a446fbe7b0eeabae"
        },
        {
          "type": "cssRules",
          "assetId": "h6nSih0ODv",
          "checksum": "2304ac376e81bbc5a446fbe7b0eeabae"
        },
        {
          "type": "renderModule",
          "assetId": "0wz8hGqZgNQ",
          "checksum": "a881c09725b4befe6ae4d48343289a52"
        },
        {
          "type": "cssRules",
          "assetId": "0wz8hGqZgNQ",
          "checksum": "a881c09725b4befe6ae4d48343289a52"
        },
        {
          "type": "renderModule",
          "assetId": "q8aEgDsN8_",
          "checksum": "b5b1572f6d736b870c7641dafd319748"
        },
        {
          "type": "cssRules",
          "assetId": "q8aEgDsN8_",
          "checksum": "b5b1572f6d736b870c7641dafd319748"
        },
        {
          "type": "renderModule",
          "assetId": "JQWYItyW5A",
          "checksum": "f1dbb395e55eb89cc768528c26cc4282"
        },
        {
          "type": "cssRules",
          "assetId": "JQWYItyW5A",
          "checksum": "f1dbb395e55eb89cc768528c26cc4282"
        },
        {
          "type": "renderModule",
          "assetId": "0c6QSqHYCk",
          "checksum": "e4fadf6f0e4646f71e403d4f7aa3214c"
        },
        {
          "type": "cssRules",
          "assetId": "0c6QSqHYCk",
          "checksum": "e4fadf6f0e4646f71e403d4f7aa3214c"
        },
        {
          "type": "renderModule",
          "assetId": "Fs8bTUrvZrvfhCr",
          "checksum": "2b268f30c73f8d502434972614c5c3d9"
        },
        {
          "type": "cssRules",
          "assetId": "Fs8bTUrvZrvfhCr",
          "checksum": "2b268f30c73f8d502434972614c5c3d9"
        },
        {
          "type": "renderModule",
          "assetId": "xICnD3GwL-L",
          "checksum": "c3a10cc0f28b1e8dcb0af9f8f5dc0f87"
        },
        {
          "type": "cssRules",
          "assetId": "xICnD3GwL-L",
          "checksum": "c3a10cc0f28b1e8dcb0af9f8f5dc0f87"
        },
        {
          "type": "renderModule",
          "assetId": "3NTlJO7oDpw",
          "checksum": "10774d8cdebc003ff8e2eef4ac379115"
        },
        {
          "type": "cssRules",
          "assetId": "3NTlJO7oDpw",
          "checksum": "10774d8cdebc003ff8e2eef4ac379115"
        },
        {
          "type": "renderModule",
          "assetId": "2FtsgZCi1Kx",
          "checksum": "dee3926839138f5ac7a024668d5125c1"
        },
        {
          "type": "cssRules",
          "assetId": "2FtsgZCi1Kx",
          "checksum": "dee3926839138f5ac7a024668d5125c1"
        },
        {
          "type": "renderModule",
          "assetId": "1E73LSzV2l",
          "checksum": "d242ac9036320eb7fac6936dbbfa44b4"
        },
        {
          "type": "cssRules",
          "assetId": "1E73LSzV2l",
          "checksum": "d242ac9036320eb7fac6936dbbfa44b4"
        },
        {
          "type": "renderModule",
          "assetId": "JPP0L6JGIn",
          "checksum": "36878d978886fee32403132331c325f3"
        },
        {
          "type": "cssRules",
          "assetId": "JPP0L6JGIn",
          "checksum": "36878d978886fee32403132331c325f3"
        },
        {
          "type": "renderModule",
          "assetId": "FuAQiqPeTF",
          "checksum": "e1687ce13a9c607890864af4727d5d7a"
        },
        {
          "type": "cssRules",
          "assetId": "FuAQiqPeTF",
          "checksum": "e1687ce13a9c607890864af4727d5d7a"
        },
        {
          "type": "renderModule",
          "assetId": "pMqUN0f4G_a",
          "checksum": "0443fc19dc8e94d93ad22f722753090d"
        },
        {
          "type": "cssRules",
          "assetId": "pMqUN0f4G_a",
          "checksum": "0443fc19dc8e94d93ad22f722753090d"
        },
        {
          "type": "renderModule",
          "assetId": "D8Y_2wee1o",
          "checksum": "53c1f68fa155b8cb6bc3bf690cd31423"
        },
        {
          "type": "cssRules",
          "assetId": "D8Y_2wee1o",
          "checksum": "53c1f68fa155b8cb6bc3bf690cd31423"
        },
        {
          "type": "renderModule",
          "assetId": "bGjqf-R4Tc",
          "checksum": "d1076f02234d33bd0a79206f09552a66"
        },
        {
          "type": "cssRules",
          "assetId": "bGjqf-R4Tc",
          "checksum": "d1076f02234d33bd0a79206f09552a66"
        },
        {
          "type": "renderModule",
          "assetId": "_XzWccJtXuE",
          "checksum": "26965f4fd50c8f67dad390c58dd305fa"
        },
        {
          "type": "cssRules",
          "assetId": "_XzWccJtXuE",
          "checksum": "26965f4fd50c8f67dad390c58dd305fa"
        },
        {
          "type": "renderModule",
          "assetId": "I7lcqILO9Y",
          "checksum": "cfb5aaeaf1e10fd49ab29b7288b9ee0c"
        },
        {
          "type": "cssRules",
          "assetId": "I7lcqILO9Y",
          "checksum": "cfb5aaeaf1e10fd49ab29b7288b9ee0c"
        },
        {
          "type": "renderModule",
          "assetId": "jggPyChG2Zg",
          "checksum": "c900cfb004d1d0c1bee21a0bf71229cd"
        },
        {
          "type": "cssRules",
          "assetId": "jggPyChG2Zg",
          "checksum": "c900cfb004d1d0c1bee21a0bf71229cd"
        },
        {
          "type": "icon",
          "assetId": "X0yAm0kztuYc_IO",
          "checksum": "a5b99ef47665bdcf8518e8a2956cfa8b"
        },
        {
          "type": "icon",
          "assetId": "Sqzw_OTkst-6kZi",
          "checksum": "496440c9aad56d3039648d7ba469029f"
        },
        {
          "type": "icon",
          "assetId": "M_91_FWOwwP63LN",
          "checksum": "0fbe0048e45e2a4107bde69e2a15990b"
        },
        {
          "type": "icon",
          "assetId": "rflU0CK2WnITTSR",
          "checksum": "4f11ac9f20ced8c9dd9181902c200f71"
        },
        {
          "type": "icon",
          "assetId": "oiAgf-ezpQ",
          "checksum": "787398ff5d81b1b0579d65e243630a5f"
        },
        {
          "type": "icon",
          "assetId": "Y3JBiNHxmK",
          "checksum": "b4c5f198dafe2b0b2c1b59b392cd3cae"
        },
        {
          "type": "icon",
          "assetId": "zCNIMAkbig",
          "checksum": "828c6b7d1f80e9f468008929d26df1b1"
        },
        {
          "type": "icon",
          "assetId": "gg_6iBfcsu",
          "checksum": "3e94ddd9bab41fe7d8001beeb17f587f"
        },
        {
          "type": "icon",
          "assetId": "MwyR6vQxWa",
          "checksum": "645b08ea065c0c7e3da08f02f6fcc2da"
        },
        {
          "type": "icon",
          "assetId": "U8bxGhPFOV",
          "checksum": "723036114e133cdfc764767ee051cdf0"
        },
        {
          "type": "icon",
          "assetId": "gDL0fFl2pD",
          "checksum": "bfb3094b616c7f7f2135374dbc8db67b"
        },
        {
          "type": "icon",
          "assetId": "AVLV6uMr56",
          "checksum": "aa3ccbc72a23e659a96580a366048bed"
        },
        {
          "type": "icon",
          "assetId": "Z_5uLzTckE",
          "checksum": "3ec83291579b3f703bd7474cf698cea4"
        },
        {
          "type": "icon",
          "assetId": "B5QLKmr2tW",
          "checksum": "707008d25a5be4fe83babf828ff2f461"
        },
        {
          "type": "icon",
          "assetId": "Dz069s-rE",
          "checksum": "f93d9fbf6f3629e5541ed0fe5ed69bff"
        },
        {
          "type": "icon",
          "assetId": "FUAnm6q86",
          "checksum": "aea9808ed43173e92352bb8d31d865bc"
        },
        {
          "type": "icon",
          "assetId": "sumyU8-X3n",
          "checksum": "8a94b351f0010953ff466ae676bf31a4"
        },
        {
          "type": "icon",
          "assetId": "gkIqWTG_m",
          "checksum": "df28319bd6fc195510f169795cbe54d3"
        },
        {
          "type": "icon",
          "assetId": "Vx3fG4Fxc",
          "checksum": "86ea1b3790940e581dc9fa59f6296d11"
        },
        {
          "type": "icon",
          "assetId": "0QuxgUi0r",
          "checksum": "4a6230c49e350de689428c7cca29c691"
        },
        {
          "type": "icon",
          "assetId": "20h2nOVM8",
          "checksum": "98b2b9b3de95ed32eddb580471c60c08"
        },
        {
          "type": "icon",
          "assetId": "BDHiWdSyk",
          "checksum": "d39da26861853426321fccb381631a70"
        },
        {
          "type": "icon",
          "assetId": "_DgE8tx8k",
          "checksum": "9d5e350fb6918ca06799c66b0dc7fa41"
        },
        {
          "type": "icon",
          "assetId": "UPgEusYgX",
          "checksum": "0cd3597fb09fc489c20fee81a9b0e3d6"
        },
        {
          "type": "icon",
          "assetId": "jjuT3ffMh",
          "checksum": "345b18feb41765c0f91abed7ddcc5526"
        },
        {
          "type": "icon",
          "assetId": "HAg-_Kbya",
          "checksum": "e01f18de24d91603e802e74d801c1b32"
        },
        {
          "type": "icon",
          "assetId": "v822ZhrBq",
          "checksum": "7420ced69c79d145d2e5e16fcf1dac41"
        },
        {
          "type": "icon",
          "assetId": "v016HsKmfL",
          "checksum": "3fda721f5cf015d6a1ae08e0d29a60df"
        },
        {
          "type": "icon",
          "assetId": "9xu35mhQf",
          "checksum": "cb59b53e7633de39be252330178813eb"
        },
        {
          "type": "icon",
          "assetId": "SLtbVdLFU",
          "checksum": "cf030b921417d8cb2798f018f15bc7e8"
        },
        {
          "type": "icon",
          "assetId": "kQoy0KbdjL",
          "checksum": "c994aaf866bbfe6e6a06bc71646ef944"
        },
        {
          "type": "icon",
          "assetId": "Iea8iz1ew",
          "checksum": "b16604dd2e2711dbfdeb7df2b349a78b"
        },
        {
          "type": "icon",
          "assetId": "o58_ERQlgq",
          "checksum": "768679035517deea0e60cf5d1213df59"
        },
        {
          "type": "icon",
          "assetId": "goVw5oohlB",
          "checksum": "78bdf800ee40cdfc70a71b8c0829d931"
        },
        {
          "type": "icon",
          "assetId": "1tBTTGMGvG",
          "checksum": "5264e2679db815861c2c44eaff8d2ba4"
        },
        {
          "type": "icon",
          "assetId": "7EdfFx1qO",
          "checksum": "3ddda26d10251952a9533edc4d38a62f"
        },
        {
          "type": "icon",
          "assetId": "mIjXTEoTT",
          "checksum": "7a38ad0382ecebbb0600dcf23ff12d8d"
        },
        {
          "type": "icon",
          "assetId": "kGOcXPlB7",
          "checksum": "73b39e544b0e8488f5483756fcfc814e"
        },
        {
          "type": "icon",
          "assetId": "5IDGmkMiF",
          "checksum": "ec34c0503899b9ab559a765073006b60"
        },
        {
          "type": "icon",
          "assetId": "oacsOjkCd",
          "checksum": "7e98e4cd115816d1c7a91d84c68b843a"
        },
        {
          "type": "icon",
          "assetId": "ivt63Bul_",
          "checksum": "2d60e7237549574d87d1772621c4f1b6"
        },
        {
          "type": "image",
          "assetId": "g-rql0pCyuzVOIR",
          "checksum": "c5e735960df4537c9499bd7982a1e5e9"
        },
        {
          "type": "image",
          "assetId": "9kv6uNERxC5Tnft",
          "checksum": "7ae5332031d56b603497a98875ebbe8f"
        },
        {
          "type": "image",
          "assetId": "zo-_ZEkWm",
          "checksum": "d9d3af29137c0d2655f5f7bfe30efd9b"
        },
        {
          "type": "image",
          "assetId": "peTQl8yxq",
          "checksum": "b6699c29c6449d02941fe65dde49a6d1"
        },
        {
          "type": "image",
          "assetId": "O43ycn2NW",
          "checksum": "a60c9101584de4ceeed7872f307967ff"
        },
        {
          "type": "image",
          "assetId": "fd83YzSqp",
          "checksum": "d18793a79f5702ad9c6d242739c095bd"
        },
        {
          "type": "image",
          "assetId": "JPhKEtrftg",
          "checksum": "4adddf98cbff8dbf3b13cdf31ae2a376"
        }
      ]
    },
    {
      "projectId": "fFGex2vFFL7wj9KXmi85Nk",
      "version": "latest",
      "dependencies": {
        "mTVXT6w3HHjZ4d74q3gB76": "59.2.3"
      },
      "lang": "js",
      "fileLocks": [
        {
          "type": "globalVariant",
          "assetId": "NCE2Df_raN-",
          "checksum": "b4444894f3265a4816bc427da1f5bf0a"
        },
        {
          "assetId": "fFGex2vFFL7wj9KXmi85Nk",
          "type": "projectCss",
          "checksum": "b8b7ca5b8c9d7f68232747978e584805"
        },
        {
          "type": "renderModule",
          "assetId": "EyQ_hHYn4c1",
          "checksum": "15dac952978ec9a7b8c7646f54068b5a"
        },
        {
          "type": "cssRules",
          "assetId": "EyQ_hHYn4c1",
          "checksum": "15dac952978ec9a7b8c7646f54068b5a"
        },
        {
          "type": "renderModule",
          "assetId": "7xv7WxkK4S",
          "checksum": "7e4ac03aa7c6d654eb35f2ffc272229c"
        },
        {
          "type": "cssRules",
          "assetId": "7xv7WxkK4S",
          "checksum": "7e4ac03aa7c6d654eb35f2ffc272229c"
        },
        {
          "type": "icon",
          "assetId": "HkgIsasXAqB",
          "checksum": "4db2d35e9e60d9872254d24807ce10d8"
        },
        {
          "type": "icon",
          "assetId": "CSD7HAh7bZ",
          "checksum": "c53ae78a90facdfbe9f9d117dc757bf8"
        },
        {
          "type": "image",
          "assetId": "ROZktznRwyC",
          "checksum": "a406fd1636c478585eb838a5dfd5f2e5"
        },
        {
          "type": "image",
          "assetId": "ZMHu6UBDRWv",
          "checksum": "6bebd8f36cf86fa28ecc67561470a24e"
        },
        {
          "type": "image",
          "assetId": "OFrFHldjlIr",
          "checksum": "a9d612e9a5dfb8327ed3d4ce20c715cd"
        },
        {
          "type": "image",
          "assetId": "GTAUK3P41in",
          "checksum": "d79ebf6dff10f0cc509e870d91f97173"
        },
        {
          "type": "image",
          "assetId": "jPnueP0R4z8",
          "checksum": "6bf6a8e4a890c2114cde1e3fcb4ce8f5"
        },
        {
          "type": "image",
          "assetId": "W0PYwjPR-IA",
          "checksum": "9d6b679edd7a34c954e06d5f30da46ca"
        },
        {
          "type": "image",
          "assetId": "Ssu9v0GOD3M",
          "checksum": "f90a029df8127cefa2dade8171264529"
        },
        {
          "type": "image",
          "assetId": "PewX8yEzFLf",
          "checksum": "4b518fcc1a91090b2e66b0b1bbbb3ee8"
        },
        {
          "type": "image",
          "assetId": "2Aabh_UZ2io",
          "checksum": "7a99c5a77b76270d25299da776946e80"
        },
        {
          "type": "image",
          "assetId": "Q5qnjB5xzvP",
          "checksum": "ece129ae54f47d2d0752d9f3fa385a7a"
        },
        {
          "type": "image",
          "assetId": "p5Joq4yGbLY",
          "checksum": "7f5a165db6ce7a2ecacb6f50c7e1d95f"
        },
        {
          "type": "image",
          "assetId": "PnqKBsm8Vam",
          "checksum": "4427fe70e89fd419ccb86c4eddd40228"
        },
        {
          "type": "image",
          "assetId": "8o6XrqNT088",
          "checksum": "dd6ec9af430f622b363a0036e93d989d"
        },
        {
          "type": "image",
          "assetId": "hb0q9Qur0Jg",
          "checksum": "f10d0aacde92472d6c04a888b674239b"
        },
        {
          "type": "image",
          "assetId": "DAwPrhG8s8F",
          "checksum": "639c63ae312ec08e337fe91d009bcacb"
        },
        {
          "type": "image",
          "assetId": "k_Qfjxf--ru",
          "checksum": "62f8b8f9cd7bfaf7c0a68229d7c69244"
        },
        {
          "type": "image",
          "assetId": "GVi-vOIAcqw",
          "checksum": "dd6b24b58ccc18c5091ea5cc4c4a3b1f"
        },
        {
          "type": "image",
          "assetId": "AvqmwS30NUs",
          "checksum": "5bba5ac099c083105c2f637ab849082f"
        },
        {
          "type": "image",
          "assetId": "wwQghl8UFAB",
          "checksum": "da2fb5a74514052ab5bf302500d7bee0"
        },
        {
          "type": "image",
          "assetId": "GpNpb9kmqN6",
          "checksum": "6375933eecdbae4d96c3d439abb80fd6"
        },
        {
          "type": "image",
          "assetId": "oXnhRAwBg-T",
          "checksum": "85c5a010bc4a8c10d2f4c9663782ad14"
        },
        {
          "type": "image",
          "assetId": "Fwc9FbbAMOv",
          "checksum": "931a492fe8e34c0c186feff57aa3a2de"
        },
        {
          "type": "image",
          "assetId": "23moOeoiPqW",
          "checksum": "efb65f9114a932002331970a52c6569c"
        },
        {
          "type": "image",
          "assetId": "-8qUCdUjgM3",
          "checksum": "49f62046090dee670c4546dfc6bfc791"
        },
        {
          "type": "image",
          "assetId": "pzrIkfrjvcz",
          "checksum": "3577af99f7febc4cb31b54a581e28643"
        },
        {
          "type": "image",
          "assetId": "9TX_1aCyIBq",
          "checksum": "16f852173d1e3ab2a1aeaae1787e3d66"
        },
        {
          "type": "image",
          "assetId": "NiPUhUtQwkj",
          "checksum": "bc40624247c6a7d3764e4d7eb5a3a5da"
        },
        {
          "type": "image",
          "assetId": "1iqbwOHYdH-",
          "checksum": "f99fd563a3ee7bf536f9e515dc6255d3"
        },
        {
          "type": "image",
          "assetId": "HNaozVSJDod",
          "checksum": "27f6d51a319a427f5e9f6a2096a9c781"
        },
        {
          "type": "image",
          "assetId": "EnzziEWaam",
          "checksum": "84b29dab77503f130f1b6c2e263b2035"
        },
        {
          "type": "image",
          "assetId": "Xzy41Wl5Hu",
          "checksum": "6a1f72cfd54f1b2e109b9332ef6e946a"
        },
        {
          "type": "image",
          "assetId": "0r3KJ4_wEd",
          "checksum": "d5029a4d11588d7a9c91120b53987a4d"
        },
        {
          "type": "image",
          "assetId": "IgopbftnX3",
          "checksum": "9dfb34b13c2a7c845083a736e0673489"
        },
        {
          "type": "image",
          "assetId": "MK2pgLYehr",
          "checksum": "37ddcfa29fe5dac09679e9f7705b03c6"
        },
        {
          "type": "image",
          "assetId": "70Bq4VB8Y",
          "checksum": "cbb3c5d2e77f08fe732324214f0695c4"
        },
        {
          "type": "image",
          "assetId": "Ac31StuLr",
          "checksum": "b37e9181cef5e7b20249acad1f5fdbdb"
        },
        {
          "type": "image",
          "assetId": "inZ0Za_88",
          "checksum": "7822a84d6efd30ad1136520f8aade8a8"
        },
        {
          "type": "image",
          "assetId": "twWwXIl1j",
          "checksum": "0b805e3491ef0b5814b33e432b202286"
        },
        {
          "type": "image",
          "assetId": "l9W0H_yRx",
          "checksum": "9d61cdd04fcec20bd1ed33df64df0b64"
        },
        {
          "type": "image",
          "assetId": "eu0TLYnVh",
          "checksum": "6e0eb5a4dd446bf6580505dd094b20bd"
        },
        {
          "type": "image",
          "assetId": "PDzI2hiTN",
          "checksum": "7522d1d4ae61a7cdd155971017a4b010"
        },
        {
          "type": "image",
          "assetId": "Ct2BD_ufmL",
          "checksum": "440aac5dbc6c091d474c84a8d0cd2ccf"
        },
        {
          "type": "image",
          "assetId": "EE6oXwHRxE",
          "checksum": "14bdf3e8ea00634561be5f82022759b5"
        },
        {
          "type": "image",
          "assetId": "jyG5aDTZv",
          "checksum": "344efcb970b33cf4a3c6756e640344f0"
        },
        {
          "type": "image",
          "assetId": "wpZqHDdTi",
          "checksum": "61206a49a6dda96753e34b2ff461ff2a"
        },
        {
          "type": "image",
          "assetId": "Ug9o7TDaYh",
          "checksum": "bb71945f92b300afa60d0cec4258919e"
        },
        {
          "type": "image",
          "assetId": "WVjb6krqn",
          "checksum": "fccb3b59ce94d24052c27641b79f355f"
        },
        {
          "type": "image",
          "assetId": "8x-YHFoxlR",
          "checksum": "ef57f641a555a5608984a688a5a6a4ee"
        },
        {
          "type": "image",
          "assetId": "2Quu_jdq6",
          "checksum": "38f943a7b6c18e8f365be78e813db41d"
        },
        {
          "type": "image",
          "assetId": "4RJ25wGuc",
          "checksum": "526203ad3cd670fb2c31bb773ac350ae"
        },
        {
          "type": "image",
          "assetId": "pUnJusk958",
          "checksum": "f41a5d620793a5338cf011e6c8ba249b"
        },
        {
          "type": "image",
          "assetId": "IXEHjZYED",
          "checksum": "5f11c0e16a42a04421375b1151745e40"
        },
        {
          "type": "image",
          "assetId": "pCMTdNFx94",
          "checksum": "838814d0fe8f8d1c34c9f5f6a5e62e9f"
        },
        {
          "type": "image",
          "assetId": "zRq8er1qTk",
          "checksum": "57a07b8293e530568cafd939355b2eef"
        },
        {
          "type": "image",
          "assetId": "TLyA6jXATJ",
          "checksum": "24c26efd4764f527c14531a471ba8783"
        },
        {
          "type": "image",
          "assetId": "LWHKccGnW",
          "checksum": "4eecbcd1beff008dd9d70b27cacb6643"
        },
        {
          "type": "image",
          "assetId": "mTfj28-rY",
          "checksum": "220a9846ac557282add3f9e5cdaf1c5a"
        },
        {
          "type": "image",
          "assetId": "1Y6at_Yhb",
          "checksum": "1caba49b6ce5b59262158a3a2bcaf9c7"
        },
        {
          "type": "image",
          "assetId": "t9ee_s20y",
          "checksum": "7947b658c26f750be59cc7b461302271"
        },
        {
          "type": "image",
          "assetId": "jey6WAOeK",
          "checksum": "03eeb2daf555e30e612d1481240e99d5"
        },
        {
          "type": "image",
          "assetId": "w_nMa_k49",
          "checksum": "4a450c359689b500865512df655a7272"
        },
        {
          "type": "image",
          "assetId": "5gqAk2DpV",
          "checksum": "8e75c32f250458fa0fd4f97faf8c4dd4"
        },
        {
          "type": "image",
          "assetId": "Hbz_Gpy9O",
          "checksum": "bb002d15a33df1f1fab3167551a38aa6"
        },
        {
          "type": "image",
          "assetId": "qGeE9lavr",
          "checksum": "04dd95ac83730e301ca1289d4d387392"
        },
        {
          "type": "image",
          "assetId": "JzNBd0J__X",
          "checksum": "ecb05b8cfdbc0d396765b6cb1bd88ac7"
        },
        {
          "type": "image",
          "assetId": "XSwuvvBYr",
          "checksum": "9f8b36f06438a3752bb378b505dd174b"
        },
        {
          "type": "image",
          "assetId": "ckwo74D8h",
          "checksum": "1bcd3dc651313fee7f48bdeea6592fc7"
        },
        {
          "type": "image",
          "assetId": "SKE-9xOcZ",
          "checksum": "246c43cdcc477a0a40a92e760f2e0370"
        }
      ]
    }
  ],
  "cliVersion": "0.1.161"
}
